
Microsoft Visual Studio Solution File, Format Version 12.00
# Visual Studio Version 17
VisualStudioVersion = 17.6.33829.357
MinimumVisualStudioVersion = 10.0.40219.1
Project("{FAE04EC0-301F-11D3-BF4B-00C04F79EFBC}") = "SimpleTechnicalSupportAssistant", "SimpleTechnicalSupportAssistant\SimpleTechnicalSupportAssistant.csproj", "{8C3977A0-82DA-462B-B6F8-0EDDF12B0995}"
EndProject
Global
	GlobalSection(SolutionConfigurationPlatforms) = preSolution
		Debug|Any CPU = Debug|Any CPU
		Release|Any CPU = Release|Any CPU
	EndGlobalSection
	GlobalSection(ProjectConfigurationPlatforms) = postSolution
		{8C3977A0-82DA-462B-B6F8-0EDDF12B0995}.Debug|Any CPU.ActiveCfg = Debug|Any CPU
		{8C3977A0-82DA-462B-B6F8-0EDDF12B0995}.Debug|Any CPU.Build.0 = Debug|Any CPU
		{8C3977A0-82DA-462B-B6F8-0EDDF12B0995}.Release|Any CPU.ActiveCfg = Release|Any CPU
		{8C3977A0-82DA-462B-B6F8-0EDDF12B0995}.Release|Any CPU.Build.0 = Release|Any CPU
	EndGlobalSection
	GlobalSection(SolutionProperties) = preSolution
		HideSolutionNode = FALSE
	EndGlobalSection
	GlobalSection(ExtensibilityGlobals) = postSolution
		SolutionGuid = {BAC01A9F-54A0-44FB-A5BB-A4BB0CC1FA5C}
	EndGlobalSection
EndGlobal
